
Microsoft Visual Studio Solution File, Format Version 12.00
# Visual Studio Version 16
VisualStudioVersion = 16.0.32228.343
MinimumVisualStudioVersion = 10.0.40219.1
Project("{FAE04EC0-301F-11D3-BF4B-00C04F79EFBC}") = "F1", "F1.csproj", "{B94554C0-76DD-4D31-BD97-0CEC03F83C12}"
EndProject
Global
	GlobalSection(SolutionConfigurationPlatforms) = preSolution
		Debug|Any CPU = Debug|Any CPU
		Release|Any CPU = Release|Any CPU
	EndGlobalSection
	GlobalSection(ProjectConfigurationPlatforms) = postSolution
		{B94554C0-76DD-4D31-BD97-0CEC03F83C12}.Debug|Any CPU.ActiveCfg = Debug|Any CPU
		{B94554C0-76DD-4D31-BD97-0CEC03F83C12}.Debug|Any CPU.Build.0 = Debug|Any CPU
		{B94554C0-76DD-4D31-BD97-0CEC03F83C12}.Release|Any CPU.ActiveCfg = Release|Any CPU
		{B94554C0-76DD-4D31-BD97-0CEC03F83C12}.Release|Any CPU.Build.0 = Release|Any CPU
	EndGlobalSection
	GlobalSection(SolutionProperties) = preSolution
		HideSolutionNode = FALSE
	EndGlobalSection
	GlobalSection(ExtensibilityGlobals) = postSolution
		SolutionGuid = {3BD5C434-CAA0-40F9-888F-AB0813E8DB37}
	EndGlobalSection
EndGlobal
